
Microsoft Visual Studio Solution File, Format Version 12.00
# Visual Studio Version 17
VisualStudioVersion = 17.2.32519.379
MinimumVisualStudioVersion = 10.0.40219.1
Project("{FAE04EC0-301F-11D3-BF4B-00C04F79EFBC}") = "ITRoots", "ITRoots.csproj", "{163C3844-7BB1-466C-8577-6E0B5D97350F}"
EndProject
Project("{FAE04EC0-301F-11D3-BF4B-00C04F79EFBC}") = "ITRoots.DAL", "..\ITRoots.DAL\ITRoots.DAL.csproj", "{1DFBEAE2-CE1D-43BB-9E94-5D45F17EF586}"
EndProject
Project("{FAE04EC0-301F-11D3-BF4B-00C04F79EFBC}") = "ITRoots.BL", "..\ITRoots.BL\ITRoots.BL.csproj", "{B68A8B2B-6142-40A6-885D-F069B7EC8D5A}"
EndProject
Global
	GlobalSection(SolutionConfigurationPlatforms) = preSolution
		Debug|Any CPU = Debug|Any CPU
		Release|Any CPU = Release|Any CPU
	EndGlobalSection
	GlobalSection(ProjectConfigurationPlatforms) = postSolution
		{163C3844-7BB1-466C-8577-6E0B5D97350F}.Debug|Any CPU.ActiveCfg = Debug|Any CPU
		{163C3844-7BB1-466C-8577-6E0B5D97350F}.Debug|Any CPU.Build.0 = Debug|Any CPU
		{163C3844-7BB1-466C-8577-6E0B5D97350F}.Release|Any CPU.ActiveCfg = Release|Any CPU
		{163C3844-7BB1-466C-8577-6E0B5D97350F}.Release|Any CPU.Build.0 = Release|Any CPU
		{1DFBEAE2-CE1D-43BB-9E94-5D45F17EF586}.Debug|Any CPU.ActiveCfg = Debug|Any CPU
		{1DFBEAE2-CE1D-43BB-9E94-5D45F17EF586}.Debug|Any CPU.Build.0 = Debug|Any CPU
		{1DFBEAE2-CE1D-43BB-9E94-5D45F17EF586}.Release|Any CPU.ActiveCfg = Release|Any CPU
		{1DFBEAE2-CE1D-43BB-9E94-5D45F17EF586}.Release|Any CPU.Build.0 = Release|Any CPU
		{B68A8B2B-6142-40A6-885D-F069B7EC8D5A}.Debug|Any CPU.ActiveCfg = Debug|Any CPU
		{B68A8B2B-6142-40A6-885D-F069B7EC8D5A}.Debug|Any CPU.Build.0 = Debug|Any CPU
		{B68A8B2B-6142-40A6-885D-F069B7EC8D5A}.Release|Any CPU.ActiveCfg = Release|Any CPU
		{B68A8B2B-6142-40A6-885D-F069B7EC8D5A}.Release|Any CPU.Build.0 = Release|Any CPU
	EndGlobalSection
	GlobalSection(SolutionProperties) = preSolution
		HideSolutionNode = FALSE
	EndGlobalSection
	GlobalSection(ExtensibilityGlobals) = postSolution
		SolutionGuid = {F86E9834-68D2-4F72-A9C8-00C9B3A1AD23}
	EndGlobalSection
EndGlobal
